
Microsoft Visual Studio Solution File, Format Version 12.00
# Visual Studio 15
Project("{FAE04EC0-301F-11D3-BF4B-00C04F79EFBC}") = "Assembly-CSharp-Editor", "Assembly-CSharp-Editor.csproj", "{E51D29C3-19A6-D10E-5E54-CB95C52ABB9C}"
EndProject
Project("{FAE04EC0-301F-11D3-BF4B-00C04F79EFBC}") = "Assembly-CSharp", "Assembly-CSharp.csproj", "{F8F4473B-74EA-FAEA-836B-FD5E07F80624}"
EndProject
Global
	GlobalSection(SolutionConfigurationPlatforms) = preSolution
		Debug|Any CPU = Debug|Any CPU
		Release|Any CPU = Release|Any CPU
	EndGlobalSection
	GlobalSection(ProjectConfigurationPlatforms) = postSolution
		{E51D29C3-19A6-D10E-5E54-CB95C52ABB9C}.Debug|Any CPU.ActiveCfg = Debug|Any CPU
		{E51D29C3-19A6-D10E-5E54-CB95C52ABB9C}.Debug|Any CPU.Build.0 = Debug|Any CPU
		{E51D29C3-19A6-D10E-5E54-CB95C52ABB9C}.Release|Any CPU.ActiveCfg = Release|Any CPU
		{E51D29C3-19A6-D10E-5E54-CB95C52ABB9C}.Release|Any CPU.Build.0 = Release|Any CPU
		{F8F4473B-74EA-FAEA-836B-FD5E07F80624}.Debug|Any CPU.ActiveCfg = Debug|Any CPU
		{F8F4473B-74EA-FAEA-836B-FD5E07F80624}.Debug|Any CPU.Build.0 = Debug|Any CPU
		{F8F4473B-74EA-FAEA-836B-FD5E07F80624}.Release|Any CPU.ActiveCfg = Release|Any CPU
		{F8F4473B-74EA-FAEA-836B-FD5E07F80624}.Release|Any CPU.Build.0 = Release|Any CPU
	EndGlobalSection
	GlobalSection(SolutionProperties) = preSolution
		HideSolutionNode = FALSE
	EndGlobalSection
EndGlobal
